
Microsoft Visual Studio Solution File, Format Version 12.00
# Visual Studio Version 16
VisualStudioVersion = 16.0.30711.63
MinimumVisualStudioVersion = 10.0.40219.1
Project("{FAE04EC0-301F-11D3-BF4B-00C04F79EFBC}") = "Parametros - clase 3", "Parametros - clase 3.csproj", "{BC3903E3-AD4D-4F14-82F6-7E1DF810529B}"
EndProject
Global
	GlobalSection(SolutionConfigurationPlatforms) = preSolution
		Debug|Any CPU = Debug|Any CPU
		Release|Any CPU = Release|Any CPU
	EndGlobalSection
	GlobalSection(ProjectConfigurationPlatforms) = postSolution
		{BC3903E3-AD4D-4F14-82F6-7E1DF810529B}.Debug|Any CPU.ActiveCfg = Debug|Any CPU
		{BC3903E3-AD4D-4F14-82F6-7E1DF810529B}.Debug|Any CPU.Build.0 = Debug|Any CPU
		{BC3903E3-AD4D-4F14-82F6-7E1DF810529B}.Release|Any CPU.ActiveCfg = Release|Any CPU
		{BC3903E3-AD4D-4F14-82F6-7E1DF810529B}.Release|Any CPU.Build.0 = Release|Any CPU
	EndGlobalSection
	GlobalSection(SolutionProperties) = preSolution
		HideSolutionNode = FALSE
	EndGlobalSection
	GlobalSection(ExtensibilityGlobals) = postSolution
		SolutionGuid = {E04DB554-8CB1-4079-96C3-A09C87E69FEF}
	EndGlobalSection
EndGlobal
